
Microsoft Visual Studio Solution File, Format Version 12.00
# Visual Studio Version 16
VisualStudioVersion = 16.0.31624.102
MinimumVisualStudioVersion = 10.0.40219.1
Project("{FAE04EC0-301F-11D3-BF4B-00C04F79EFBC}") = "Marizona.WebUI", "Marizona.WebUI\Marizona.WebUI.csproj", "{9B450AA5-A35C-42DC-8301-B267E53B6E0B}"
EndProject
Global
	GlobalSection(SolutionConfigurationPlatforms) = preSolution
		Debug|Any CPU = Debug|Any CPU
		Release|Any CPU = Release|Any CPU
	EndGlobalSection
	GlobalSection(ProjectConfigurationPlatforms) = postSolution
		{9B450AA5-A35C-42DC-8301-B267E53B6E0B}.Debug|Any CPU.ActiveCfg = Debug|Any CPU
		{9B450AA5-A35C-42DC-8301-B267E53B6E0B}.Debug|Any CPU.Build.0 = Debug|Any CPU
		{9B450AA5-A35C-42DC-8301-B267E53B6E0B}.Release|Any CPU.ActiveCfg = Release|Any CPU
		{9B450AA5-A35C-42DC-8301-B267E53B6E0B}.Release|Any CPU.Build.0 = Release|Any CPU
	EndGlobalSection
	GlobalSection(SolutionProperties) = preSolution
		HideSolutionNode = FALSE
	EndGlobalSection
	GlobalSection(ExtensibilityGlobals) = postSolution
		SolutionGuid = {6294C752-321A-4E73-897A-6EFCA9844370}
	EndGlobalSection
EndGlobal
